
Microsoft Visual Studio Solution File, Format Version 12.00
# Visual Studio 14
VisualStudioVersion = 14.0.25420.1
MinimumVisualStudioVersion = 10.0.40219.1
Project("{FAE04EC0-301F-11D3-BF4B-00C04F79EFBC}") = "WebStoker", "WebStoker\WebStoker.csproj", "{141CA3FB-584A-4DA4-9D5C-81AD2014B122}"
EndProject
Project("{FAE04EC0-301F-11D3-BF4B-00C04F79EFBC}") = "WebStoker.Tests", "WebStoker.Tests\WebStoker.Tests.csproj", "{0ADF3EE7-5778-4B3D-AE80-2175557813E2}"
EndProject
Global
	GlobalSection(SolutionConfigurationPlatforms) = preSolution
		Debug|Any CPU = Debug|Any CPU
		Release|Any CPU = Release|Any CPU
	EndGlobalSection
	GlobalSection(ProjectConfigurationPlatforms) = postSolution
		{141CA3FB-584A-4DA4-9D5C-81AD2014B122}.Debug|Any CPU.ActiveCfg = Debug|Any CPU
		{141CA3FB-584A-4DA4-9D5C-81AD2014B122}.Debug|Any CPU.Build.0 = Debug|Any CPU
		{141CA3FB-584A-4DA4-9D5C-81AD2014B122}.Release|Any CPU.ActiveCfg = Release|Any CPU
		{141CA3FB-584A-4DA4-9D5C-81AD2014B122}.Release|Any CPU.Build.0 = Release|Any CPU
		{0ADF3EE7-5778-4B3D-AE80-2175557813E2}.Debug|Any CPU.ActiveCfg = Debug|Any CPU
		{0ADF3EE7-5778-4B3D-AE80-2175557813E2}.Debug|Any CPU.Build.0 = Debug|Any CPU
		{0ADF3EE7-5778-4B3D-AE80-2175557813E2}.Release|Any CPU.ActiveCfg = Release|Any CPU
		{0ADF3EE7-5778-4B3D-AE80-2175557813E2}.Release|Any CPU.Build.0 = Release|Any CPU
	EndGlobalSection
	GlobalSection(SolutionProperties) = preSolution
		HideSolutionNode = FALSE
	EndGlobalSection
EndGlobal
